# THIS IS AN AUTOGENERATED FILE. DO NOT EDIT THIS FILE DIRECTLY.
# yarn lockfile v1


"@types/asap@^2.0.0":
  version "2.0.0"
  resolved "https://registry.yarnpkg.com/@types/asap/-/asap-2.0.0.tgz#d529e9608c83499a62ae08c871c5e62271aa2963"
  integrity sha512-upIS0Gt9Mc8eEpCbYMZ1K8rhNosfKUtimNcINce+zLwJF5UpM3Vv7yz3S5l/1IX+DxTa8lTkUjqynvjRXyJzsg==

"@types/hoist-non-react-statics@^3.3.1":
  version "3.3.1"
  resolved "https://registry.yarnpkg.com/@types/hoist-non-react-statics/-/hoist-non-react-statics-3.3.1.tgz#1124aafe5118cb591977aeb1ceaaed1070eb039f"
  integrity sha512-iMIqiko6ooLrTh1joXodJK5X9xeEALT1kM5G3ZLhD3hszxBdIEd5C75U834D9mLcINgD4OyZf5uQXjkuYydWvA==
  dependencies:
    "@types/react" "*"
    hoist-non-react-statics "^3.3.0"

"@types/invariant@^2.2.29":
  version "2.2.34"
  resolved "https://registry.yarnpkg.com/@types/invariant/-/invariant-2.2.34.tgz#05e4f79f465c2007884374d4795452f995720bbe"
  integrity sha512-lYUtmJ9BqUN688fGY1U1HZoWT1/Jrmgigx2loq4ZcJpICECm/Om3V314BxdzypO0u5PORKGMM6x0OXaljV1YFg==

"@types/prop-types@*":
  version "15.7.3"
  resolved "https://registry.yarnpkg.com/@types/prop-types/-/prop-types-15.7.3.tgz#2ab0d5da2e5815f94b0b9d4b95d1e5f243ab2ca7"
  integrity sha512-KfRL3PuHmqQLOG+2tGpRO26Ctg+Cq1E01D2DMriKEATHgWLfeNDmq9e29Q9WIky0dQ3NPkd1mzYH8Lm936Z9qw==

"@types/react@*":
  version "16.9.53"
  resolved "https://registry.yarnpkg.com/@types/react/-/react-16.9.53.tgz#40cd4f8b8d6b9528aedd1fff8fcffe7a112a3d23"
  integrity sha512-4nW60Sd4L7+WMXH1D6jCdVftuW7j4Za6zdp6tJ33Rqv0nk1ZAmQKML9ZLD4H0dehA3FZxXR/GM8gXplf82oNGw==
  dependencies:
    "@types/prop-types" "*"
    csstype "^3.0.2"

"@types/shallowequal@^1.1.1":
  version "1.1.1"
  resolved "https://registry.yarnpkg.com/@types/shallowequal/-/shallowequal-1.1.1.tgz#aad262bb3f2b1257d94c71d545268d592575c9b1"
  integrity sha512-Lhni3aX80zbpdxRuWhnuYPm8j8UQaa571lHP/xI4W+7BAFhSIhRReXnqjEgT/XzPoXZTJkCqstFMJ8CZTK6IlQ==

asap@^2.0.6:
  version "2.0.6"
  resolved "https://registry.yarnpkg.com/asap/-/asap-2.0.6.tgz#e50347611d7e690943208bbdafebcbc2fb866d46"
  integrity sha1-5QNHYR1+aQlDIIu9r+vLwvuGbUY=

classnames@^2.2.6:
  version "2.2.6"
  resolved "https://registry.yarnpkg.com/classnames/-/classnames-2.2.6.tgz#43935bffdd291f326dad0a205309b38d00f650ce"
  integrity sha512-JR/iSQOSt+LQIWwrwEzJ9uk0xfN3mTVYMwt1Ir5mUcSN6pU+V4zQFFaJsclJbPuAUQH+yfWef6tm7l1quW3C8Q==

csstype@^3.0.2:
  version "3.0.3"
  resolved "https://registry.yarnpkg.com/csstype/-/csstype-3.0.3.tgz#2b410bbeba38ba9633353aff34b05d9755d065f8"
  integrity sha512-jPl+wbWPOWJ7SXsWyqGRk3lGecbar0Cb0OvZF/r/ZU011R4YqiRehgkQ9p4eQfo9DSDLqLL3wHwfxeJiuIsNag==

date-fns@^2.12.0:
  version "2.16.1"
  resolved "https://registry.yarnpkg.com/date-fns/-/date-fns-2.16.1.tgz#05775792c3f3331da812af253e1a935851d3834b"
  integrity sha512-sAJVKx/FqrLYHAQeN7VpJrPhagZc9R4ImZIWYRFZaaohR3KzmuK88touwsSwSVT8Qcbd4zoDsnGfX4GFB4imyQ==

dnd-core@^8.0.3:
  version "8.0.3"
  resolved "https://registry.yarnpkg.com/dnd-core/-/dnd-core-8.0.3.tgz#96fdaae0f53ca86996ed50075000ebd758169682"
  integrity sha512-jffgwAMsv5g6TRDmvjBW0EUntVXO8+X184zBRFnOmCfhFU8EV7/Aq+wPpJCeRAMge8fMYJGrjlm1xeH0wMrHYQ==
  dependencies:
    "@types/asap" "^2.0.0"
    "@types/invariant" "^2.2.29"
    asap "^2.0.6"
    invariant "^2.2.4"
    redux "^4.0.1"

hoist-non-react-statics@^3.3.0:
  version "3.3.2"
  resolved "https://registry.yarnpkg.com/hoist-non-react-statics/-/hoist-non-react-statics-3.3.2.tgz#ece0acaf71d62c2969c2ec59feff42a4b1a85b45"
  integrity sha512-/gGivxi8JPKWNm/W0jSmzcMPpfpPLc3dY/6GxhX2hQ9iGj3aDfklV4ET7NjKpSinLpJ5vafa9iiGIEZg10SfBw==
  dependencies:
    react-is "^16.7.0"

invariant@^2.2.4:
  version "2.2.4"
  resolved "https://registry.yarnpkg.com/invariant/-/invariant-2.2.4.tgz#610f3c92c9359ce1db616e538008d23ff35158e6"
  integrity sha512-phJfQVBuaJM5raOpJjSfkiD6BpbCE4Ns//LaXl6wGYtUBY83nWS6Rf9tXm2e8VaK60JEjYldbPif/A2B1C2gNA==
  dependencies:
    loose-envify "^1.0.0"

jquery@^3.5.1:
  version "3.5.1"
  resolved "https://registry.yarnpkg.com/jquery/-/jquery-3.5.1.tgz#d7b4d08e1bfdb86ad2f1a3d039ea17304717abb5"
  integrity sha512-XwIBPqcMn57FxfT+Go5pzySnm4KWkT1Tv7gjrpT1srtf8Weynl6R273VJ5GjkRb51IzMp5nbaPjJXMWeju2MKg==

"js-tokens@^3.0.0 || ^4.0.0":
  version "4.0.0"
  resolved "https://registry.yarnpkg.com/js-tokens/-/js-tokens-4.0.0.tgz#19203fb59991df98e3a287050d4647cdeaf32499"
  integrity sha512-RdJUflcE3cUzKiMqQgsCu06FPu9UdIJO0beYbPhHN4k6apgJtifcoCtT9bcxOpYBtpD2kCM6Sbzg4CausW/PKQ==

loose-envify@^1.0.0, loose-envify@^1.4.0:
  version "1.4.0"
  resolved "https://registry.yarnpkg.com/loose-envify/-/loose-envify-1.4.0.tgz#71ee51fa7be4caec1a63839f7e682d8132d30caf"
  integrity sha512-lyuxPGr/Wfhrlem2CL/UcnUc1zcqKAImBDzukY7Y5F/yQiNdko6+fRLevlw1HgMySw7f611UIY408EtxRSoK3Q==
  dependencies:
    js-tokens "^3.0.0 || ^4.0.0"

object-assign@^4.1.1:
  version "4.1.1"
  resolved "https://registry.yarnpkg.com/object-assign/-/object-assign-4.1.1.tgz#2109adc7965887cfc05cbbd442cac8bfbb360863"
  integrity sha1-IQmtx5ZYh8/AXLvUQsrIv7s2CGM=

prop-types@^15.7.2:
  version "15.7.2"
  resolved "https://registry.yarnpkg.com/prop-types/-/prop-types-15.7.2.tgz#52c41e75b8c87e72b9d9360e0206b99dcbffa6c5"
  integrity sha512-8QQikdH7//R2vurIJSutZ1smHYTcLpRWEOlHnzcWHmBYrOGUysKwSsrC89BCiFj3CbrfJ/nXFdJepOVrY1GCHQ==
  dependencies:
    loose-envify "^1.4.0"
    object-assign "^4.1.1"
    react-is "^16.8.1"

react-dnd-html5-backend@^8.0:
  version "8.0.3"
  resolved "https://registry.yarnpkg.com/react-dnd-html5-backend/-/react-dnd-html5-backend-8.0.3.tgz#8f030444c7b79fd022f4ebd23ab5d20ed6ad248e"
  integrity sha512-TOspnpF4x5AWVrYjh1G+ZllDPSSTTzS1nd8SUWK1N8OehZs5SngCAA6PjPWIe3vqGUwMBOiEPFWsuMyEqVWGAA==
  dependencies:
    dnd-core "^8.0.3"

react-dnd@^8.0:
  version "8.0.3"
  resolved "https://registry.yarnpkg.com/react-dnd/-/react-dnd-8.0.3.tgz#6226e1a6476bc7f9593b98def86fdab7d45100f8"
  integrity sha512-wsdpZLJj8XqEl04GE1fd45/eNB+cZWEx0ZQC7PgrQ/URD2BfbwyQ5RiT23Cl/BPKJBUkTh1FltZ88LTUd7yGeg==
  dependencies:
    "@types/hoist-non-react-statics" "^3.3.1"
    "@types/shallowequal" "^1.1.1"
    dnd-core "^8.0.3"
    hoist-non-react-statics "^3.3.0"
    shallowequal "^1.1.0"

react-is@^16.7.0, react-is@^16.8.1:
  version "16.13.1"
  resolved "https://registry.yarnpkg.com/react-is/-/react-is-16.13.1.tgz#789729a4dc36de2999dc156dd6c1d9c18cea56a4"
  integrity sha512-24e6ynE2H+OKt4kqsOvNd8kBpV65zoxbA4BVsEOB3ARVWQki/DHzaUoC5KuON/BiccDaCCTZBuOcfZs70kR8bQ==

react-keyed-file-browser@^1.10.0:
  version "1.10.0"
  resolved "https://registry.yarnpkg.com/react-keyed-file-browser/-/react-keyed-file-browser-1.10.0.tgz#3358a83f3ed15a0116bde1ef536483b3592e68c5"
  integrity sha512-kNYxjk/VibGexFQ4S4tdttoxVjjDot51RQmcjfqU64jhFwFcpqluU02eDdkXegRL2BiIa9axqC4qQbgp7w5KyA==
  dependencies:
    classnames "^2.2.6"
    date-fns "^2.12.0"
    prop-types "^15.7.2"
    react-dnd "^8.0"
    react-dnd-html5-backend "^8.0"

redux@^4.0.1:
  version "4.0.5"
  resolved "https://registry.yarnpkg.com/redux/-/redux-4.0.5.tgz#4db5de5816e17891de8a80c424232d06f051d93f"
  integrity sha512-VSz1uMAH24DM6MF72vcojpYPtrTUu3ByVWfPL1nPfVRb5mZVTve5GnNCUV53QM/BZ66xfWrm0CTWoM+Xlz8V1w==
  dependencies:
    loose-envify "^1.4.0"
    symbol-observable "^1.2.0"

shallowequal@^1.1.0:
  version "1.1.0"
  resolved "https://registry.yarnpkg.com/shallowequal/-/shallowequal-1.1.0.tgz#188d521de95b9087404fd4dcb68b13df0ae4e7f8"
  integrity sha512-y0m1JoUZSlPAjXVtPPW70aZWfIL/dSP7AFkRnniLCrK/8MDKog3TySTBmckD+RObVxH0v4Tox67+F14PdED2oQ==

symbol-observable@^1.2.0:
  version "1.2.0"
  resolved "https://registry.yarnpkg.com/symbol-observable/-/symbol-observable-1.2.0.tgz#c22688aed4eab3cdc2dfeacbb561660560a00804"
  integrity sha512-e900nM8RRtGhlV36KGEU9k65K3mPb1WV70OdjfxlG2EAuM1noi/E/BaW/uMhL7bPEssK8QV57vN3esixjUvcXQ==
